
Microsoft Visual Studio Solution File, Format Version 12.00
# Visual Studio Version 17
VisualStudioVersion = 17.13.35507.96 d17.13
MinimumVisualStudioVersion = 10.0.40219.1
Project("{FAE04EC0-301F-11D3-BF4B-00C04F79EFBC}") = "Poss System", "Poss System\Poss System.csproj", "{DD0D11F9-0B79-4DF6-861D-09BC3C57B8B9}"
EndProject
Global
	GlobalSection(SolutionConfigurationPlatforms) = preSolution
		Debug|Any CPU = Debug|Any CPU
		Release|Any CPU = Release|Any CPU
	EndGlobalSection
	GlobalSection(ProjectConfigurationPlatforms) = postSolution
		{DD0D11F9-0B79-4DF6-861D-09BC3C57B8B9}.Debug|Any CPU.ActiveCfg = Debug|Any CPU
		{DD0D11F9-0B79-4DF6-861D-09BC3C57B8B9}.Debug|Any CPU.Build.0 = Debug|Any CPU
		{DD0D11F9-0B79-4DF6-861D-09BC3C57B8B9}.Release|Any CPU.ActiveCfg = Release|Any CPU
		{DD0D11F9-0B79-4DF6-861D-09BC3C57B8B9}.Release|Any CPU.Build.0 = Release|Any CPU
	EndGlobalSection
	GlobalSection(SolutionProperties) = preSolution
		HideSolutionNode = FALSE
	EndGlobalSection
	GlobalSection(ExtensibilityGlobals) = postSolution
		SolutionGuid = {C3396147-CFE1-4A0C-9318-55A6812D9468}
	EndGlobalSection
EndGlobal
